
Microsoft Visual Studio Solution File, Format Version 12.00
Project("{FAE04EC0-301F-11D3-BF4B-00C04F79EFBC}") = "TimeTrackr", "TimeTrackr\TimeTrackr.csproj", "{A5CE9E49-331B-4A57-9249-ED1CE7734137}"
EndProject
Project("{FAE04EC0-301F-11D3-BF4B-00C04F79EFBC}") = "TimeTrackr.Tests", "TimeTrackr.Tests\TimeTrackr.Tests.csproj", "{30C7718C-C1CE-4DD1-A33C-C24831A8FC3A}"
EndProject
Global
	GlobalSection(SolutionConfigurationPlatforms) = preSolution
		Debug|Any CPU = Debug|Any CPU
		Release|Any CPU = Release|Any CPU
	EndGlobalSection
	GlobalSection(ProjectConfigurationPlatforms) = postSolution
		{A5CE9E49-331B-4A57-9249-ED1CE7734137}.Debug|Any CPU.ActiveCfg = Debug|Any CPU
		{A5CE9E49-331B-4A57-9249-ED1CE7734137}.Debug|Any CPU.Build.0 = Debug|Any CPU
		{A5CE9E49-331B-4A57-9249-ED1CE7734137}.Release|Any CPU.ActiveCfg = Release|Any CPU
		{A5CE9E49-331B-4A57-9249-ED1CE7734137}.Release|Any CPU.Build.0 = Release|Any CPU
		{30C7718C-C1CE-4DD1-A33C-C24831A8FC3A}.Debug|Any CPU.ActiveCfg = Debug|Any CPU
		{30C7718C-C1CE-4DD1-A33C-C24831A8FC3A}.Debug|Any CPU.Build.0 = Debug|Any CPU
		{30C7718C-C1CE-4DD1-A33C-C24831A8FC3A}.Release|Any CPU.ActiveCfg = Release|Any CPU
		{30C7718C-C1CE-4DD1-A33C-C24831A8FC3A}.Release|Any CPU.Build.0 = Release|Any CPU
	EndGlobalSection
EndGlobal
